
Microsoft Visual Studio Solution File, Format Version 12.00
# Visual Studio Version 17
VisualStudioVersion = 17.12.35707.178 d17.12
MinimumVisualStudioVersion = 10.0.40219.1
Project("{FAE04EC0-301F-11D3-BF4B-00C04F79EFBC}") = "Laba1", "Laba1\Laba1.csproj", "{BA0FB97C-F91A-4115-8BC8-3C2BFD835ABF}"
EndProject
Project("{FAE04EC0-301F-11D3-BF4B-00C04F79EFBC}") = "Laba1Tests", "Laba1Tests\Laba1Tests.csproj", "{4883FEE9-16F9-4E7F-8B97-C6864370DC18}"
EndProject
Global
	GlobalSection(SolutionConfigurationPlatforms) = preSolution
		Debug|Any CPU = Debug|Any CPU
		Release|Any CPU = Release|Any CPU
	EndGlobalSection
	GlobalSection(ProjectConfigurationPlatforms) = postSolution
		{BA0FB97C-F91A-4115-8BC8-3C2BFD835ABF}.Debug|Any CPU.ActiveCfg = Debug|Any CPU
		{BA0FB97C-F91A-4115-8BC8-3C2BFD835ABF}.Debug|Any CPU.Build.0 = Debug|Any CPU
		{BA0FB97C-F91A-4115-8BC8-3C2BFD835ABF}.Release|Any CPU.ActiveCfg = Release|Any CPU
		{BA0FB97C-F91A-4115-8BC8-3C2BFD835ABF}.Release|Any CPU.Build.0 = Release|Any CPU
		{4883FEE9-16F9-4E7F-8B97-C6864370DC18}.Debug|Any CPU.ActiveCfg = Debug|Any CPU
		{4883FEE9-16F9-4E7F-8B97-C6864370DC18}.Debug|Any CPU.Build.0 = Debug|Any CPU
		{4883FEE9-16F9-4E7F-8B97-C6864370DC18}.Release|Any CPU.ActiveCfg = Release|Any CPU
		{4883FEE9-16F9-4E7F-8B97-C6864370DC18}.Release|Any CPU.Build.0 = Release|Any CPU
	EndGlobalSection
	GlobalSection(SolutionProperties) = preSolution
		HideSolutionNode = FALSE
	EndGlobalSection
EndGlobal
